
Microsoft Visual Studio Solution File, Format Version 12.00
# Visual Studio Version 16
VisualStudioVersion = 16.0.31205.134
MinimumVisualStudioVersion = 10.0.40219.1
Project("{FAE04EC0-301F-11D3-BF4B-00C04F79EFBC}") = "Test", "Test\Test.csproj", "{DB0D3A58-B2DD-4839-B831-F69327F61367}"
EndProject
Global
	GlobalSection(SolutionConfigurationPlatforms) = preSolution
		Debug|Any CPU = Debug|Any CPU
		Release|Any CPU = Release|Any CPU
	EndGlobalSection
	GlobalSection(ProjectConfigurationPlatforms) = postSolution
		{DB0D3A58-B2DD-4839-B831-F69327F61367}.Debug|Any CPU.ActiveCfg = Debug|Any CPU
		{DB0D3A58-B2DD-4839-B831-F69327F61367}.Debug|Any CPU.Build.0 = Debug|Any CPU
		{DB0D3A58-B2DD-4839-B831-F69327F61367}.Release|Any CPU.ActiveCfg = Release|Any CPU
		{DB0D3A58-B2DD-4839-B831-F69327F61367}.Release|Any CPU.Build.0 = Release|Any CPU
	EndGlobalSection
	GlobalSection(SolutionProperties) = preSolution
		HideSolutionNode = FALSE
	EndGlobalSection
	GlobalSection(ExtensibilityGlobals) = postSolution
		SolutionGuid = {06ADFCDD-5048-4212-A889-9715C1E8C0E0}
	EndGlobalSection
EndGlobal
